
Microsoft Visual Studio Solution File, Format Version 12.00
# Visual Studio Version 17
VisualStudioVersion = 17.7.34024.191
MinimumVisualStudioVersion = 10.0.40219.1
Project("{8BC9CEB8-8B4A-11D0-8D11-00A0C91BC942}") = "ConsoleApplication1", "ConsoleApplication1\ConsoleApplication1.vcxproj", "{5C01946A-4831-4131-8082-0F9A54101CC8}"
EndProject
Project("{8BC9CEB8-8B4A-11D0-8D11-00A0C91BC942}") = "UnitTest1", "UnitTest1\UnitTest1.vcxproj", "{F5DCD68A-2154-4E3E-815B-246A453612CA}"
EndProject
Global
	GlobalSection(SolutionConfigurationPlatforms) = preSolution
		Debug|x64 = Debug|x64
		Debug|x86 = Debug|x86
		Release|x64 = Release|x64
		Release|x86 = Release|x86
	EndGlobalSection
	GlobalSection(ProjectConfigurationPlatforms) = postSolution
		{5C01946A-4831-4131-8082-0F9A54101CC8}.Debug|x64.ActiveCfg = Debug|x64
		{5C01946A-4831-4131-8082-0F9A54101CC8}.Debug|x64.Build.0 = Debug|x64
		{5C01946A-4831-4131-8082-0F9A54101CC8}.Debug|x86.ActiveCfg = Debug|Win32
		{5C01946A-4831-4131-8082-0F9A54101CC8}.Debug|x86.Build.0 = Debug|Win32
		{5C01946A-4831-4131-8082-0F9A54101CC8}.Release|x64.ActiveCfg = Release|x64
		{5C01946A-4831-4131-8082-0F9A54101CC8}.Release|x64.Build.0 = Release|x64
		{5C01946A-4831-4131-8082-0F9A54101CC8}.Release|x86.ActiveCfg = Release|Win32
		{5C01946A-4831-4131-8082-0F9A54101CC8}.Release|x86.Build.0 = Release|Win32
		{F5DCD68A-2154-4E3E-815B-246A453612CA}.Debug|x64.ActiveCfg = Debug|x64
		{F5DCD68A-2154-4E3E-815B-246A453612CA}.Debug|x64.Build.0 = Debug|x64
		{F5DCD68A-2154-4E3E-815B-246A453612CA}.Debug|x86.ActiveCfg = Debug|Win32
		{F5DCD68A-2154-4E3E-815B-246A453612CA}.Debug|x86.Build.0 = Debug|Win32
		{F5DCD68A-2154-4E3E-815B-246A453612CA}.Release|x64.ActiveCfg = Release|x64
		{F5DCD68A-2154-4E3E-815B-246A453612CA}.Release|x64.Build.0 = Release|x64
		{F5DCD68A-2154-4E3E-815B-246A453612CA}.Release|x86.ActiveCfg = Release|Win32
		{F5DCD68A-2154-4E3E-815B-246A453612CA}.Release|x86.Build.0 = Release|Win32
	EndGlobalSection
	GlobalSection(SolutionProperties) = preSolution
		HideSolutionNode = FALSE
	EndGlobalSection
	GlobalSection(ExtensibilityGlobals) = postSolution
		SolutionGuid = {F16C11CE-EB9F-4A04-AE9E-CD28931AE856}
	EndGlobalSection
EndGlobal
